
Microsoft Visual Studio Solution File, Format Version 12.00
# Visual Studio Version 16
VisualStudioVersion = 16.0.30611.23
MinimumVisualStudioVersion = 10.0.40219.1
Project("{FAE04EC0-301F-11D3-BF4B-00C04F79EFBC}") = "ConsoleAppForTesting", "ConsoleAppForTesting\ConsoleAppForTesting.csproj", "{14637812-60F0-494F-887C-F73A5AA7E61B}"
EndProject
Global
	GlobalSection(SolutionConfigurationPlatforms) = preSolution
		Debug|Any CPU = Debug|Any CPU
		Release|Any CPU = Release|Any CPU
	EndGlobalSection
	GlobalSection(ProjectConfigurationPlatforms) = postSolution
		{14637812-60F0-494F-887C-F73A5AA7E61B}.Debug|Any CPU.ActiveCfg = Debug|Any CPU
		{14637812-60F0-494F-887C-F73A5AA7E61B}.Debug|Any CPU.Build.0 = Debug|Any CPU
		{14637812-60F0-494F-887C-F73A5AA7E61B}.Release|Any CPU.ActiveCfg = Release|Any CPU
		{14637812-60F0-494F-887C-F73A5AA7E61B}.Release|Any CPU.Build.0 = Release|Any CPU
	EndGlobalSection
	GlobalSection(SolutionProperties) = preSolution
		HideSolutionNode = FALSE
	EndGlobalSection
	GlobalSection(ExtensibilityGlobals) = postSolution
		SolutionGuid = {C38A267E-1482-4279-B014-143C5BE257A1}
	EndGlobalSection
EndGlobal
